
Microsoft Visual Studio Solution File, Format Version 12.00
# Visual Studio Version 17
VisualStudioVersion = 17.13.35931.197
MinimumVisualStudioVersion = 10.0.40219.1
Project("{FAE04EC0-301F-11D3-BF4B-00C04F79EFBC}") = "Infosys.EAgriculture", "Infosys.EAgriculture\Infosys.EAgriculture.csproj", "{4A1D153F-F1A4-4D3D-A050-952DE4D7DDF1}"
EndProject
Project("{FAE04EC0-301F-11D3-BF4B-00C04F79EFBC}") = "Infosys.EAgriculture.DAL", "Infosys.EAgriculture.DAL\Infosys.EAgriculture.DAL.csproj", "{71BD4A7E-134C-4E2C-ACB6-DD39CD443730}"
EndProject
Project("{FAE04EC0-301F-11D3-BF4B-00C04F79EFBC}") = "Infosys.EAgriculture.Services", "Infosys.EAgriculture.Services\Infosys.EAgriculture.Services.csproj", "{2D104663-1A6D-426B-88FE-1D51491DE37D}"
EndProject
Global
	GlobalSection(SolutionConfigurationPlatforms) = preSolution
		Debug|Any CPU = Debug|Any CPU
		Release|Any CPU = Release|Any CPU
	EndGlobalSection
	GlobalSection(ProjectConfigurationPlatforms) = postSolution
		{4A1D153F-F1A4-4D3D-A050-952DE4D7DDF1}.Debug|Any CPU.ActiveCfg = Debug|Any CPU
		{4A1D153F-F1A4-4D3D-A050-952DE4D7DDF1}.Debug|Any CPU.Build.0 = Debug|Any CPU
		{4A1D153F-F1A4-4D3D-A050-952DE4D7DDF1}.Release|Any CPU.ActiveCfg = Release|Any CPU
		{4A1D153F-F1A4-4D3D-A050-952DE4D7DDF1}.Release|Any CPU.Build.0 = Release|Any CPU
		{71BD4A7E-134C-4E2C-ACB6-DD39CD443730}.Debug|Any CPU.ActiveCfg = Debug|Any CPU
		{71BD4A7E-134C-4E2C-ACB6-DD39CD443730}.Debug|Any CPU.Build.0 = Debug|Any CPU
		{71BD4A7E-134C-4E2C-ACB6-DD39CD443730}.Release|Any CPU.ActiveCfg = Release|Any CPU
		{71BD4A7E-134C-4E2C-ACB6-DD39CD443730}.Release|Any CPU.Build.0 = Release|Any CPU
		{2D104663-1A6D-426B-88FE-1D51491DE37D}.Debug|Any CPU.ActiveCfg = Debug|Any CPU
		{2D104663-1A6D-426B-88FE-1D51491DE37D}.Debug|Any CPU.Build.0 = Debug|Any CPU
		{2D104663-1A6D-426B-88FE-1D51491DE37D}.Release|Any CPU.ActiveCfg = Release|Any CPU
		{2D104663-1A6D-426B-88FE-1D51491DE37D}.Release|Any CPU.Build.0 = Release|Any CPU
	EndGlobalSection
	GlobalSection(SolutionProperties) = preSolution
		HideSolutionNode = FALSE
	EndGlobalSection
	GlobalSection(ExtensibilityGlobals) = postSolution
		SolutionGuid = {AE2B3E62-46F4-4AF2-AEB5-7337B18458F0}
	EndGlobalSection
EndGlobal
