
Microsoft Visual Studio Solution File, Format Version 12.00
# Visual Studio Version 17
VisualStudioVersion = 17.0.32112.339
MinimumVisualStudioVersion = 10.0.40219.1
Project("{9A19103F-16F7-4668-BE54-9A1E7A4F7556}") = "QuickKartDataAccessLayer", "QuickKartDataAccessLayer\QuickKartDataAccessLayer.csproj", "{DC0BA25D-0EC8-419B-8A5A-D24ECACE26B8}"
EndProject
Project("{FAE04EC0-301F-11D3-BF4B-00C04F79EFBC}") = "QuickKartServices", "QuickKartServices\QuickKartServices.csproj", "{FF7F79D6-93B2-4A41-9D4E-E4CE7F7551C1}"
EndProject
Global
	GlobalSection(SolutionConfigurationPlatforms) = preSolution
		Debug|Any CPU = Debug|Any CPU
		Release|Any CPU = Release|Any CPU
	EndGlobalSection
	GlobalSection(ProjectConfigurationPlatforms) = postSolution
		{DC0BA25D-0EC8-419B-8A5A-D24ECACE26B8}.Debug|Any CPU.ActiveCfg = Debug|Any CPU
		{DC0BA25D-0EC8-419B-8A5A-D24ECACE26B8}.Debug|Any CPU.Build.0 = Debug|Any CPU
		{DC0BA25D-0EC8-419B-8A5A-D24ECACE26B8}.Release|Any CPU.ActiveCfg = Release|Any CPU
		{DC0BA25D-0EC8-419B-8A5A-D24ECACE26B8}.Release|Any CPU.Build.0 = Release|Any CPU
		{FF7F79D6-93B2-4A41-9D4E-E4CE7F7551C1}.Debug|Any CPU.ActiveCfg = Debug|Any CPU
		{FF7F79D6-93B2-4A41-9D4E-E4CE7F7551C1}.Debug|Any CPU.Build.0 = Debug|Any CPU
		{FF7F79D6-93B2-4A41-9D4E-E4CE7F7551C1}.Release|Any CPU.ActiveCfg = Release|Any CPU
		{FF7F79D6-93B2-4A41-9D4E-E4CE7F7551C1}.Release|Any CPU.Build.0 = Release|Any CPU
	EndGlobalSection
	GlobalSection(SolutionProperties) = preSolution
		HideSolutionNode = FALSE
	EndGlobalSection
	GlobalSection(ExtensibilityGlobals) = postSolution
		SolutionGuid = {F614AED5-881A-47D4-8BF0-B1868C2AED37}
	EndGlobalSection
EndGlobal
