
Microsoft Visual Studio Solution File, Format Version 12.00
# Visual Studio Version 17
VisualStudioVersion = 17.5.33209.295
MinimumVisualStudioVersion = 10.0.40219.1
Project("{FAE04EC0-301F-11D3-BF4B-00C04F79EFBC}") = "PolyclinicApp.ConsoleApp", "PolyclinicApp.ConsoleApp\PolyclinicApp.ConsoleApp.csproj", "{3E5D44A4-FC4D-459E-A3FD-0AC1F5ADD870}"
EndProject
Project("{FAE04EC0-301F-11D3-BF4B-00C04F79EFBC}") = "Infosys.DBCoreDataAccessLayer", "Infosys.DBCoreDataAccessLayer\Infosys.DBCoreDataAccessLayer.csproj", "{998610FB-94EF-4CFF-8A5B-5972FE518502}"
EndProject
Global
	GlobalSection(SolutionConfigurationPlatforms) = preSolution
		Debug|Any CPU = Debug|Any CPU
		Release|Any CPU = Release|Any CPU
	EndGlobalSection
	GlobalSection(ProjectConfigurationPlatforms) = postSolution
		{3E5D44A4-FC4D-459E-A3FD-0AC1F5ADD870}.Debug|Any CPU.ActiveCfg = Debug|Any CPU
		{3E5D44A4-FC4D-459E-A3FD-0AC1F5ADD870}.Debug|Any CPU.Build.0 = Debug|Any CPU
		{3E5D44A4-FC4D-459E-A3FD-0AC1F5ADD870}.Release|Any CPU.ActiveCfg = Release|Any CPU
		{3E5D44A4-FC4D-459E-A3FD-0AC1F5ADD870}.Release|Any CPU.Build.0 = Release|Any CPU
		{998610FB-94EF-4CFF-8A5B-5972FE518502}.Debug|Any CPU.ActiveCfg = Debug|Any CPU
		{998610FB-94EF-4CFF-8A5B-5972FE518502}.Debug|Any CPU.Build.0 = Debug|Any CPU
		{998610FB-94EF-4CFF-8A5B-5972FE518502}.Release|Any CPU.ActiveCfg = Release|Any CPU
		{998610FB-94EF-4CFF-8A5B-5972FE518502}.Release|Any CPU.Build.0 = Release|Any CPU
	EndGlobalSection
	GlobalSection(SolutionProperties) = preSolution
		HideSolutionNode = FALSE
	EndGlobalSection
	GlobalSection(ExtensibilityGlobals) = postSolution
		SolutionGuid = {1F33D68B-DE0A-4640-B5FC-1FAFD1BC0AE0}
	EndGlobalSection
EndGlobal
